lockfileVersion: '9.0'

settings:
  autoInstallPeers: true
  excludeLinksFromLockfile: false

importers:

  .:
    dependencies:
      slate:
        specifier: ^0.103.0
        version: 0.103.0

packages:

  immer@10.1.1:
    resolution: {integrity: sha512-s2MPrmjovJcoMaHtx6K11Ra7oD05NT97w1IC5zpMkT6Atjr7H8LjaDd81iIxUYpMKSRRNMJE703M1Fhr/TctHw==}

  is-plain-object@5.0.0:
    resolution: {integrity: sha512-VRSzKkbMm5jMDoKLbltAkFQ5Qr7VDiTFGXxYFXXowVj387GeGNOCsOH6Msy00SGZ3Fp84b1Naa1psqgcCIEP5Q==}
    engines: {node: '>=0.10.0'}

  slate@0.103.0:
    resolution: {integrity: sha512-eCUOVqUpADYMZ59O37QQvUdnFG+8rin0OGQAXNHvHbQeVJ67Bu0spQbcy621vtf8GQUXTEQBlk6OP9atwwob4w==}

  tiny-warning@1.0.3:
    resolution: {integrity: sha512-lBN9zLN/oAf68o3zNXYrdCt1kP8WsiGW8Oo2ka41b2IM5JL/S1CTyX1rW0mb/zSuJun0ZUrDxx4sqvYS2FWzPA==}

snapshots:

  immer@10.1.1: {}

  is-plain-object@5.0.0: {}

  slate@0.103.0:
    dependencies:
      immer: 10.1.1
      is-plain-object: 5.0.0
      tiny-warning: 1.0.3

  tiny-warning@1.0.3: {}
